<?xml version="1.0" encoding="UTF-8" standalone="yes" ?>
<CodeBlocks_project_file>
	<FileVersion major="1" minor="6" />
	<Project>
		<Option title="Linux" />
		<Option pch_mode="2" />
		<Option compiler="gcc" />
		<Build>
			<Target title="Debug">
				<Option output="../bin/exampleLinux" prefix_auto="1" extension_auto="1" />
				<Option working_dir="../bin" />
				<Option object_output="../bin/_obj" />
				<Option type="1" />
				<Option compiler="gcc" />
				<Compiler>
					<Add option="-g" />
				</Compiler>
			</Target>
		</Build>
		<Compiler>
			<Add option="-Wall" />
			<Add option="-Wno-unused-function" />
			<Add option="-fexceptions" />
			<Add directory="../include" />
			<Add directory="../bin" />
			<Add directory="/usr/lib/nvidia-304-updates" />
		</Compiler>
		<Linker>
			<Add library="pthread" />
			<Add library="glut" />
			<Add library="GL" />
			<Add library="GLU" />
			<Add library="../lib/libglui_linux.a" />
			<Add library="../lib/libpng12_linux64.a" />
			<Add library="z" />
		</Linker>
		<Unit filename="01_quad.cpp" />
		<Unit filename="Arquivo.cpp" />
		<Unit filename="Arquivo.h" />
		<Unit filename="Grafo.cpp" />
		<Unit filename="Grafo.h" />
		<Unit filename="Lista.cpp" />
		<Unit filename="Lista.h" />
		<Unit filename="Ponto.cpp" />
		<Unit filename="Ponto.h" />
		<Unit filename="View.cpp" />
		<Unit filename="View.h" />
		<Extensions>
			<code_completion />
			<debugger />
			<envvars />
		</Extensions>
	</Project>
</CodeBlocks_project_file>
